<?xml version="1.0" encoding="utf-8"?>
<Project ToolsVersion="17.0" xmlns="http://schemas.microsoft.com/developer/msbuild/2003">
  <ItemGroup>
    <ClCompile Include="C:\Users\sideb\source\repos\university_1y_2s_1lab_v3\Res1\3v.cpp">
      <Filter>Source Files</Filter>
    </ClCompile>
  </ItemGroup>
  <ItemGroup>
    <CustomBuild Include="C:\Users\sideb\source\repos\university_1y_2s_1lab_v3\Res1\CMakeLists.txt" />
  </ItemGroup>
  <ItemGroup>
    <Filter Include="Source Files">
      <UniqueIdentifier>{318A9FFD-80AD-3C60-920C-7A0B6BB0F9B6}</UniqueIdentifier>
    </Filter>
  </ItemGroup>
</Project>
