<?xml version="1.0" encoding="utf-8"?>
<Project ToolsVersion="17.0" xmlns="http://schemas.microsoft.com/developer/msbuild/2003">
  <ItemGroup>
    <CustomBuild Include="C:\Users\sideb\source\repos\university_1y_2s_1lab_v3\CMake1\CMakeFiles\b4b3dd9a408d4bd4b28e1658253887d7\generate.stamp.rule">
      <Filter>CMake Rules</Filter>
    </CustomBuild>
  </ItemGroup>
  <ItemGroup>
    <Filter Include="CMake Rules">
      <UniqueIdentifier>{B257414A-63FA-3035-9BF0-3E56C8A49C40}</UniqueIdentifier>
    </Filter>
  </ItemGroup>
</Project>
