<?xml version="1.0" encoding="utf-8"?>
<Project ToolsVersion="17.0" xmlns="http://schemas.microsoft.com/developer/msbuild/2003">
  <ItemGroup>
    <ClCompile Include="C:\Users\sideb\source\repos\university_1y_2s_1lab_v4\Res1\3v.cpp">
      <Filter>Source Files</Filter>
    </ClCompile>
  </ItemGroup>
  <ItemGroup>
    <CustomBuild Include="C:\Users\sideb\source\repos\university_1y_2s_1lab_v4\Res1\CMakeLists.txt" />
  </ItemGroup>
  <ItemGroup>
    <Filter Include="Source Files">
      <UniqueIdentifier>{0BAF67E5-6B7E-3655-B19F-BD3C1394341B}</UniqueIdentifier>
    </Filter>
  </ItemGroup>
</Project>
