
Microsoft Visual Studio Solution File, Format Version 12.00
# Visual Studio Version 17
Project("{8BC9CEB8-8B4A-11D0-8D11-00A0C91BC942}") = "ALL_BUILD", "ALL_BUILD.vcxproj", "{5255C036-8D4C-3042-A9DB-BBC8A7B96D0B}"
	ProjectSection(ProjectDependencies) = postProject
		{6E7194CB-1403-3BCA-AFCE-B4B1F94FEEFF} = {6E7194CB-1403-3BCA-AFCE-B4B1F94FEEFF}
		{2CC41658-303E-3DA6-B224-B9047DCED5CE} = {2CC41658-303E-3DA6-B224-B9047DCED5CE}
	EndProjectSection
EndProject
Project("{8BC9CEB8-8B4A-11D0-8D11-00A0C91BC942}") = "ZERO_CHECK", "ZERO_CHECK.vcxproj", "{6E7194CB-1403-3BCA-AFCE-B4B1F94FEEFF}"
	ProjectSection(ProjectDependencies) = postProject
	EndProjectSection
EndProject
Project("{8BC9CEB8-8B4A-11D0-8D11-00A0C91BC942}") = "lab2_6v", "lab2_6v.vcxproj", "{2CC41658-303E-3DA6-B224-B9047DCED5CE}"
	ProjectSection(ProjectDependencies) = postProject
		{6E7194CB-1403-3BCA-AFCE-B4B1F94FEEFF} = {6E7194CB-1403-3BCA-AFCE-B4B1F94FEEFF}
	EndProjectSection
EndProject
Global
	GlobalSection(SolutionConfigurationPlatforms) = preSolution
		Debug|x64 = Debug|x64
		Release|x64 = Release|x64
		MinSizeRel|x64 = MinSizeRel|x64
		RelWithDebInfo|x64 = RelWithDebInfo|x64
	EndGlobalSection
	GlobalSection(ProjectConfigurationPlatforms) = postSolution
		{5255C036-8D4C-3042-A9DB-BBC8A7B96D0B}.Debug|x64.ActiveCfg = Debug|x64
		{5255C036-8D4C-3042-A9DB-BBC8A7B96D0B}.Release|x64.ActiveCfg = Release|x64
		{5255C036-8D4C-3042-A9DB-BBC8A7B96D0B}.MinSizeRel|x64.ActiveCfg = MinSizeRel|x64
		{5255C036-8D4C-3042-A9DB-BBC8A7B96D0B}.RelWithDebInfo|x64.ActiveCfg = RelWithDebInfo|x64
		{6E7194CB-1403-3BCA-AFCE-B4B1F94FEEFF}.Debug|x64.ActiveCfg = Debug|x64
		{6E7194CB-1403-3BCA-AFCE-B4B1F94FEEFF}.Debug|x64.Build.0 = Debug|x64
		{6E7194CB-1403-3BCA-AFCE-B4B1F94FEEFF}.Release|x64.ActiveCfg = Release|x64
		{6E7194CB-1403-3BCA-AFCE-B4B1F94FEEFF}.Release|x64.Build.0 = Release|x64
		{6E7194CB-1403-3BCA-AFCE-B4B1F94FEEFF}.MinSizeRel|x64.ActiveCfg = MinSizeRel|x64
		{6E7194CB-1403-3BCA-AFCE-B4B1F94FEEFF}.MinSizeRel|x64.Build.0 = MinSizeRel|x64
		{6E7194CB-1403-3BCA-AFCE-B4B1F94FEEFF}.RelWithDebInfo|x64.ActiveCfg = RelWithDebInfo|x64
		{6E7194CB-1403-3BCA-AFCE-B4B1F94FEEFF}.RelWithDebInfo|x64.Build.0 = RelWithDebInfo|x64
		{2CC41658-303E-3DA6-B224-B9047DCED5CE}.Debug|x64.ActiveCfg = Debug|x64
		{2CC41658-303E-3DA6-B224-B9047DCED5CE}.Debug|x64.Build.0 = Debug|x64
		{2CC41658-303E-3DA6-B224-B9047DCED5CE}.Release|x64.ActiveCfg = Release|x64
		{2CC41658-303E-3DA6-B224-B9047DCED5CE}.Release|x64.Build.0 = Release|x64
		{2CC41658-303E-3DA6-B224-B9047DCED5CE}.MinSizeRel|x64.ActiveCfg = MinSizeRel|x64
		{2CC41658-303E-3DA6-B224-B9047DCED5CE}.MinSizeRel|x64.Build.0 = MinSizeRel|x64
		{2CC41658-303E-3DA6-B224-B9047DCED5CE}.RelWithDebInfo|x64.ActiveCfg = RelWithDebInfo|x64
		{2CC41658-303E-3DA6-B224-B9047DCED5CE}.RelWithDebInfo|x64.Build.0 = RelWithDebInfo|x64
	EndGlobalSection
	GlobalSection(ExtensibilityGlobals) = postSolution
		SolutionGuid = {3B1958C3-D5FD-39CE-A051-559B3EA4D24F}
	EndGlobalSection
	GlobalSection(ExtensibilityAddIns) = postSolution
	EndGlobalSection
EndGlobal
