<?xml version="1.0" encoding="utf-8"?>
<Project ToolsVersion="17.0" xmlns="http://schemas.microsoft.com/developer/msbuild/2003">
  <ItemGroup>
    <ClCompile Include="C:\Users\sideb\source\repos\university_1y_2s_1lab_v4\Res2\lab2.cpp">
      <Filter>Source Files</Filter>
    </ClCompile>
  </ItemGroup>
  <ItemGroup>
    <CustomBuild Include="C:\Users\sideb\source\repos\university_1y_2s_1lab_v4\Res2\CMakeLists.txt" />
  </ItemGroup>
  <ItemGroup>
    <Filter Include="Source Files">
      <UniqueIdentifier>{166700EC-D35A-35ED-9BF4-5F44EDAA4210}</UniqueIdentifier>
    </Filter>
  </ItemGroup>
</Project>
